
Microsoft Visual Studio Solution File, Format Version 12.00
# Visual Studio Version 17
VisualStudioVersion = 17.9.34723.18
MinimumVisualStudioVersion = 10.0.40219.1
Project("{FAE04EC0-301F-11D3-BF4B-00C04F79EFBC}") = "WebAppReact", "WebAppReact\WebAppReact.csproj", "{C2B0A2C0-AC6F-40BE-89DA-23B37207A7A4}"
EndProject
Global
	GlobalSection(SolutionConfigurationPlatforms) = preSolution
		Debug|Any CPU = Debug|Any CPU
		Release|Any CPU = Release|Any CPU
	EndGlobalSection
	GlobalSection(ProjectConfigurationPlatforms) = postSolution
		{C2B0A2C0-AC6F-40BE-89DA-23B37207A7A4}.Debug|Any CPU.ActiveCfg = Debug|Any CPU
		{C2B0A2C0-AC6F-40BE-89DA-23B37207A7A4}.Debug|Any CPU.Build.0 = Debug|Any CPU
		{C2B0A2C0-AC6F-40BE-89DA-23B37207A7A4}.Release|Any CPU.ActiveCfg = Release|Any CPU
		{C2B0A2C0-AC6F-40BE-89DA-23B37207A7A4}.Release|Any CPU.Build.0 = Release|Any CPU
	EndGlobalSection
	GlobalSection(SolutionProperties) = preSolution
		HideSolutionNode = FALSE
	EndGlobalSection
	GlobalSection(ExtensibilityGlobals) = postSolution
		SolutionGuid = {B48F2D44-3A29-4766-91DA-59702338A8CA}
	EndGlobalSection
EndGlobal
